github.com/aws/aws-sdk-go-v2 v1.6.0 h1:r20hdhm8wZmKkClREfacXrKfX0Y7/s0aOoeraFbf/sY=
github.com/aws/aws-sdk-go-v2 v1.6.0/go.mod h1:tI4KhsR5VkzlUa2DZAdwx7wCAYGwkZZ1H31PYrBFx1w=
github.com/aws/aws-sdk-go-v2/config v1.3.0 h1:0JAnp0WcsgKilFLiZEScUTKIvTKa2LkicadZADza+u0=
github.com/aws/aws-sdk-go-v2/config v1.3.0/go.mod h1:lOxzHWDt/k7MMidA/K8DgXL4+ynnZYsDq65Qhs/l3dg=
github.com/aws/aws-sdk-go-v2/credentials v1.2.1 h1:AqQ8PzWll1wegNUOfIKcbp/JspTbJl54gNonrO6VUsY=
github.com/aws/aws-sdk-go-v2/credentials v1.2.1/go.mod h1:Rfvim1eZTC9W5s8YJyYYtl1KMk6e8fHv+wMRQGO4Ru0=
github.com/aws/aws-sdk-go-v2/feature/ec2/imds v1.1.1 h1:w1ocBIhQkLgupEB3d0uOuBddqVYl0xpubz7HSTzWG8A=
github.com/aws/aws-sdk-go-v2/feature/ec2/imds v1.1.1/go.mod h1:GTXAhrxHQOj9N+J5tYVjwt+rpRyy/42qLjlgw9pz1a0=
github.com/aws/aws-sdk-go-v2/internal/ini v1.0.0 h1:k7I9E6tyVWBo7H9ffpnxDWudtjau6Qt9rnOYgV+ciEQ=
github.com/aws/aws-sdk-go-v2/internal/ini v1.0.0/go.mod h1:g3XMXuxvqSMUjnsXXp/960152w0wFS4CXVYgQaSVOHE=
github.com/aws/aws-sdk-go-v2/service/ec2 v1.7.1 h1:2I6fU3pLkiGOrSRCn8lcftG9Xw57ucxXzf+rOLTR6PY=
github.com/aws/aws-sdk-go-v2/service/ec2 v1.7.1/go.mod h1:XzzkrryeCoPUd9jxcdDnI2/UmlfIp13nBSpjl2SDSCM=
github.com/aws/aws-sdk-go-v2/service/internal/accept-encoding v1.1.0 h1:XwqxIO9LtNXznBbEMNGumtLN60k4nVqDpVwVWx3XU/o=
github.com/aws/aws-sdk-go-v2/service/internal/accept-encoding v1.1.0/go.mod h1:zdjOOy0ojUn3iNELo6ycIHSMCp4xUbycSHfb8PnbbyM=
github.com/aws/aws-sdk-go-v2/service/internal/presigned-url v1.1.1 h1:l7pDLsmOGrnR8LT+3gIv8NlHpUhs7220E457KEC2UM0=
github.com/aws/aws-sdk-go-v2/service/internal/presigned-url v1.1.1/go.mod h1:2+ehJPkdIdl46VCj67Emz/EH2hpebHZtaLdzqg+sWOI=
github.com/aws/aws-sdk-go-v2/service/internal/s3shared v1.3.1 h1:VH1Y4k+IZ5kcRVqSNw7eAkXyfS7k2/ibKjrNtbhYhV4=
github.com/aws/aws-sdk-go-v2/service/internal/s3shared v1.3.1/go.mod h1:IpjxfORBAFfkMM0VEx5gPPnEy6WV4Hk0F/+zb/SUWyw=
github.com/aws/aws-sdk-go-v2/service/s3 v1.9.0 h1:FZ5UL5aiybSJKiJglPT7YMMwc431IgOX5gvlFAzSjzs=
github.com/aws/aws-sdk-go-v2/service/s3 v1.9.0/go.mod h1:zHCjYoODbYRLz/iFicYswq1gRoxBnHvpY5h2Vg3/tJ4=
github.com/aws/aws-sdk-go-v2/service/sso v1.2.1 h1:alpXc5UG7al7QnttHe/9hfvUfitV8r3w0onPpPkGzi0=
github.com/aws/aws-sdk-go-v2/service/sso v1.2.1/go.mod h1:VimPFPltQ/920i1X0Sb0VJBROLIHkDg2MNP10D46OGs=
github.com/aws/aws-sdk-go-v2/service/sts v1.4.1 h1:9Z00tExoaLutWVDmY6LyvIAcKjHetkbdmpRt4JN/FN0=
github.com/aws/aws-sdk-go-v2/service/sts v1.4.1/go.mod h1:G9osDWA52WQ38BDcj65VY1cNmcAQXAXTsE8IWH8j81w=
github.com/aws/smithy-go v1.4.0 h1:3rsQpgRe+OoQgJhEwGNpIkosl0fJLdmQqF4gSFRjg+4=
github.com/aws/smithy-go v1.4.0/go.mod h1:SObp3lf9smib00L/v3U2eAKG8FyQ7iLrJnQiAmR5n+E=
github.com/capsule8/go-yara v1.1.10-0.20210523225711-dafe562e8c6e h1:jKNpfCay8qZh0DQ2ZGvKg0ycnVtmcIAUSHUGuETdGQI=
github.com/capsule8/go-yara v1.1.10-0.20210523225711-dafe562e8c6e/go.mod h1:1V9YJD3e2pMs5UnKmADWw3tQgzaGRIZ60dIRPQT8EZY=
github.com/davecgh/go-spew v1.1.0 h1:ZDRjVQ15GmhC3fiQ8ni8+OwkZQO4DARzQgrnXU1Liz8=
github.com/davecgh/go-spew v1.1.0/go.mod h1:J7Y8YcW2NihsgmVo/mv3lAwl/skON4iLHjSsI+c5H38=
github.com/google/go-cmp v0.5.4 h1:L8R9j+yAqZuZjsqh/z+F1NCffTKKLShY6zXTItVIZ8M=
github.com/google/go-cmp v0.5.4/go.mod h1:v8dTdLbMG2kIc/vJvl+f65V22dbkXbowE6jgT/gNBxE=
github.com/hillu/go-yara/v4 v4.0.6 h1:2fHGPatCXQL1RgWWvPJDdaCkXAzvMx8SpVtKpqVMHDo=
github.com/hillu/go-yara/v4 v4.0.6/go.mod h1:rkb/gSAoO8qcmj+pv6fDZN4tOa3N7R+qqGlEkzT4iys=
github.com/jmespath/go-jmespath v0.4.0 h1:BEgLn5cpjn8UN1mAw4NjwDrS35OdebyEtFe+9YPoQUg=
github.com/jmespath/go-jmespath v0.4.0/go.mod h1:T8mJZnbsbmF+m6zOOFylbeCJqk5+pHWvzYPziyZiYoo=
github.com/jmespath/go-jmespath/internal/testify v1.5.1 h1:shLQSRRSCCPj3f2gpwzGwWFoC7ycTf1rcQZHOlsJ6N8=
github.com/jmespath/go-jmespath/internal/testify v1.5.1/go.mod h1:L3OGu8Wl2/fWfCI6z80xFu9LTZmf1ZRjMHUOPmWr69U=
github.com/pmezard/go-difflib v1.0.0 h1:4DBwDE0NGyQoBHbLQYPwSUPoCMWR5BEzIk/f1lZbAQM=
github.com/pmezard/go-difflib v1.0.0/go.mod h1:iKH77koFhYxTK1pcRnkKkqfTogsbg7gZNVY4sRDYZ/4=
github.com/stretchr/objx v0.1.0/go.mod h1:HFkY916IF+rwdDfMAkV7OtwuqBVzrE8GR6GFx+wExME=
golang.org/x/xerrors v0.0.0-20191204190536-9bdfabe68543 h1:E7g+9GITq07hpfrRu66IVDexMakfv52eLZ2CXBWiKr4=
golang.org/x/xerrors v0.0.0-20191204190536-9bdfabe68543/go.mod h1:I/5z698sn9Ka8TeJc9MKroUUfqBBauWjQqLJ2OPfmY0=
gopkg.in/check.v1 v0.0.0-20161208181325-20d25e280405/go.mod h1:Co6ibVJAznAaIkqp8huTwlJQCZ016jof/cbN4VW5Yz0=
gopkg.in/yaml.v2 v2.2.8 h1:obN1ZagJSUGI0Ek/LBmuj4SNLPfIny3KsKFopxRdj10=
gopkg.in/yaml.v2 v2.2.8/go.mod h1:hI93XBmqTisBFMUTm0b8Fm+jr3Dg1NNxqwp+5A1VGuI=
